
Microsoft Visual Studio Solution File, Format Version 12.00
Project("{2150E333-8FDC-42A3-9474-1A3956D46DE8}") = "Solution Items", "Solution Items", "{6B5FEF26-34FC-48E4-BF78-EB3A24EC8C49}"
	ProjectSection(SolutionItems) = preProject
		.gitignore = .gitignore
		LICENSE = LICENSE
		README.md = README.md
		EventlyModularMonolith.sln = EventlyModularMonolith.sln
		Directory.Build.props = Directory.Build.props
		.editorconfig = .editorconfig
	EndProjectSection
EndProject
Project("{2150E333-8FDC-42A3-9474-1A3956D46DE8}") = "source", "source", "{E59F385E-55A4-4B0B-8F35-6B2CC07E2E32}"
EndProject
Project("{2150E333-8FDC-42A3-9474-1A3956D46DE8}") = "API", "API", "{033E473B-FC96-41E6-A8B6-F9E3BAC7FCFA}"
EndProject
Project("{2150E333-8FDC-42A3-9474-1A3956D46DE8}") = "Modules", "Modules", "{CAF8FC31-B77C-4672-921E-3C0B5D8D5BD0}"
EndProject
Project("{2150E333-8FDC-42A3-9474-1A3956D46DE8}") = "Events", "Events", "{7C78CBC0-7FEA-4B02-94F3-B3D1141D8194}"
EndProject
Project("{FAE04EC0-301F-11D3-BF4B-00C04F79EFBC}") = "Evently.Api", "source\API\Evently.Api\Evently.Api.csproj", "{886E6556-1BAE-4916-97D7-36937F6E7705}"
EndProject
Project("{FAE04EC0-301F-11D3-BF4B-00C04F79EFBC}") = "Evently.Modules.Events.Api", "source\Modules\Events\Evently.Modules.Events.Api\Evently.Modules.Events.Api.csproj", "{1E212C71-A29F-49F9-B190-DD5F5CBE796E}"
EndProject
Project("{2150E333-8FDC-42A3-9474-1A3956D46DE8}") = "deploy", "deploy", "{417D7599-5ABF-48EC-9C8B-A5FBA3FF61B6}"
	ProjectSection(SolutionItems) = preProject
		deploy\docker-compose.yml = deploy\docker-compose.yml
		deploy\.dockerignore = deploy\.dockerignore
		deploy\docker-compose.override.yml = deploy\docker-compose.override.yml
	EndProjectSection
EndProject
Global
	GlobalSection(SolutionConfigurationPlatforms) = preSolution
		Debug|Any CPU = Debug|Any CPU
		Release|Any CPU = Release|Any CPU
	EndGlobalSection
	GlobalSection(NestedProjects) = preSolution
		{033E473B-FC96-41E6-A8B6-F9E3BAC7FCFA} = {E59F385E-55A4-4B0B-8F35-6B2CC07E2E32}
		{CAF8FC31-B77C-4672-921E-3C0B5D8D5BD0} = {E59F385E-55A4-4B0B-8F35-6B2CC07E2E32}
		{7C78CBC0-7FEA-4B02-94F3-B3D1141D8194} = {CAF8FC31-B77C-4672-921E-3C0B5D8D5BD0}
		{886E6556-1BAE-4916-97D7-36937F6E7705} = {033E473B-FC96-41E6-A8B6-F9E3BAC7FCFA}
		{1E212C71-A29F-49F9-B190-DD5F5CBE796E} = {7C78CBC0-7FEA-4B02-94F3-B3D1141D8194}
	EndGlobalSection
	GlobalSection(ProjectConfigurationPlatforms) = postSolution
		{886E6556-1BAE-4916-97D7-36937F6E7705}.Debug|Any CPU.ActiveCfg = Debug|Any CPU
		{886E6556-1BAE-4916-97D7-36937F6E7705}.Debug|Any CPU.Build.0 = Debug|Any CPU
		{886E6556-1BAE-4916-97D7-36937F6E7705}.Release|Any CPU.ActiveCfg = Release|Any CPU
		{886E6556-1BAE-4916-97D7-36937F6E7705}.Release|Any CPU.Build.0 = Release|Any CPU
		{1E212C71-A29F-49F9-B190-DD5F5CBE796E}.Debug|Any CPU.ActiveCfg = Debug|Any CPU
		{1E212C71-A29F-49F9-B190-DD5F5CBE796E}.Debug|Any CPU.Build.0 = Debug|Any CPU
		{1E212C71-A29F-49F9-B190-DD5F5CBE796E}.Release|Any CPU.ActiveCfg = Release|Any CPU
		{1E212C71-A29F-49F9-B190-DD5F5CBE796E}.Release|Any CPU.Build.0 = Release|Any CPU
	EndGlobalSection
EndGlobal
